version = 1
requires-python = ">=3.10"

[[package]]
name = "cython"
version = "3.0.12"
source = { registry = "https://pypi.org/simple" }
sdist = { url = "https://files.pythonhosted.org/packages/5a/25/886e197c97a4b8e254173002cdc141441e878ff29aaa7d9ba560cd6e4866/cython-3.0.12.tar.gz", hash = "sha256:b988bb297ce76c671e28c97d017b95411010f7c77fa6623dd0bb47eed1aee1bc", size = 2757617 }
wheels = [
    { url = "https://files.pythonhosted.org/packages/52/78/3bcb8ee7b6f5956dbd6bebf85818e075d863419db3661f25189c64cd6c70/Cython-3.0.12-cp310-cp310-macosx_10_9_x86_64.whl", hash = "sha256:ba67eee9413b66dd9fbacd33f0bc2e028a2a120991d77b5fd4b19d0b1e4039b9", size = 3271523 },
    { url = "https://files.pythonhosted.org/packages/dc/21/5b700dac60cc7af4261c7fa2e91f55fe5f38f6c183e1201ced7cc932201b/Cython-3.0.12-cp310-cp310-manylinux_2_17_x86_64.manylinux2014_x86_64.whl", hash = "sha256:bee2717e5b5f7d966d0c6e27d2efe3698c357aa4d61bb3201997c7a4f9fe485a", size = 3630244 },
    { url = "https://files.pythonhosted.org/packages/a3/db/a42b8905bde467599927765ba12147f9d6ae3cd10fb33c4cda02011d7be0/Cython-3.0.12-cp310-cp310-manylinux_2_5_i686.manylinux1_i686.manylinux_2_17_i686.manylinux2014_i686.whl", hash = "sha256:7cffc3464f641c8d0dda942c7c53015291beea11ec4d32421bed2f13b386b819", size = 3685089 },
    { url = "https://files.pythonhosted.org/packages/1a/0f/64be4bbdf26679f44fe96e19078c4382800eb8ba9b265373cae73ac94493/Cython-3.0.12-cp310-cp310-musllinux_1_2_aarch64.whl", hash = "sha256:d3a8f81980ffbd74e52f9186d8f1654e347d0c44bfea6b5997028977f481a179", size = 3501991 },
    { url = "https://files.pythonhosted.org/packages/d4/7d/e2a48882a4cbb16f0dfbc406879b2a1ea6b5d27c7cbef080e8eb8234a96c/Cython-3.0.12-cp310-cp310-musllinux_1_2_x86_64.whl", hash = "sha256:8d32856716c369d01f2385ad9177cdd1a11079ac89ea0932dc4882de1aa19174", size = 3713604 },
    { url = "https://files.pythonhosted.org/packages/3b/df/ca69aab33ffd2a184269335f6240b042c21d41dad335d4abb4ead9f22687/Cython-3.0.12-cp310-cp310-win32.whl", hash = "sha256:712c3f31adec140dc60d064a7f84741f50e2c25a8edd7ae746d5eb4d3ef7072a", size = 2578290 },
    { url = "https://files.pythonhosted.org/packages/1f/4c/4f79129407a1e0d540c961835960d811356aa3a666f621aa07cd7a979b0a/Cython-3.0.12-cp310-cp310-win_amd64.whl", hash = "sha256:d6945694c5b9170cfbd5f2c0d00ef7487a2de7aba83713a64ee4ebce7fad9e05", size = 2778456 },
    { url = "https://files.pythonhosted.org/packages/7e/60/3d27abd940f7b80a6aeb69dc093a892f04828e1dd0b243dd81ff87d7b0e9/Cython-3.0.12-cp311-cp311-macosx_10_9_x86_64.whl", hash = "sha256:feb86122a823937cc06e4c029d80ff69f082ebb0b959ab52a5af6cdd271c5dc3", size = 3277430 },
    { url = "https://files.pythonhosted.org/packages/c7/49/f17b0541b317d11f1d021a580643ee2481685157cded92efb32e2fb4daef/Cython-3.0.12-cp311-cp311-manylinux_2_17_aarch64.manylinux2014_aarch64.whl", hash = "sha256:dfdbea486e702c328338314adb8e80f5f9741f06a0ae83aaec7463bc166d12e8", size = 3444055 },
    { url = "https://files.pythonhosted.org/packages/6b/7f/c57791ba6a1c934b6f1ab51371e894e3b4bfde0bc35e50046c8754a9d215/Cython-3.0.12-cp311-cp311-manylinux_2_17_x86_64.manylinux2014_x86_64.whl", hash = "sha256:563de1728c8e48869d2380a1b76bbc1b1b1d01aba948480d68c1d05e52d20c92", size = 3597874 },
    { url = "https://files.pythonhosted.org/packages/23/24/803a0db3681b3a2ef65a4bebab201e5ae4aef5e6127ae03683476a573aa9/Cython-3.0.12-cp311-cp311-manylinux_2_5_i686.manylinux1_i686.manylinux_2_17_i686.manylinux2014_i686.whl", hash = "sha256:398d4576c1e1f6316282aa0b4a55139254fbed965cba7813e6d9900d3092b128", size = 3644129 },
    { url = "https://files.pythonhosted.org/packages/27/13/9b53ba8336e083ece441af8d6d182b8ca83ad523e87c07b3190af379ebc3/Cython-3.0.12-cp311-cp311-musllinux_1_2_aarch64.whl", hash = "sha256:1e5eadef80143026944ea8f9904715a008f5108d1d644a89f63094cc37351e73", size = 3504936 },
    { url = "https://files.pythonhosted.org/packages/a9/d2/d11104be6992a9fe256860cae6d1a79f7dcf3bdb12ae00116fac591f677d/Cython-3.0.12-cp311-cp311-musllinux_1_2_x86_64.whl", hash = "sha256:5a93cbda00a5451175b97dea5a9440a3fcee9e54b4cba7a7dbcba9a764b22aec", size = 3713066 },
    { url = "https://files.pythonhosted.org/packages/d9/8c/1fe49135296efa3f460c760a4297f6a5b387f3e69ac5c9dcdbd620295ab3/Cython-3.0.12-cp311-cp311-win32.whl", hash = "sha256:3109e1d44425a2639e9a677b66cd7711721a5b606b65867cb2d8ef7a97e2237b", size = 2579935 },
    { url = "https://files.pythonhosted.org/packages/02/4e/5ac0b5b9a239cd3fdae187dda8ff06b0b812f671e2501bf253712278f0ac/Cython-3.0.12-cp311-cp311-win_amd64.whl", hash = "sha256:d4b70fc339adba1e2111b074ee6119fe9fd6072c957d8597bce9a0dd1c3c6784", size = 2787337 },
    { url = "https://files.pythonhosted.org/packages/e6/6c/3be501a6520a93449b1e7e6f63e598ec56f3b5d1bc7ad14167c72a22ddf7/Cython-3.0.12-cp312-cp312-macosx_10_9_x86_64.whl", hash = "sha256:fe030d4a00afb2844f5f70896b7f2a1a0d7da09bf3aa3d884cbe5f73fff5d310", size = 3311717 },
    { url = "https://files.pythonhosted.org/packages/ee/ab/adfeb22c85491de18ae10932165edd5b6f01e4c5e3e363638759d1235015/Cython-3.0.12-cp312-cp312-manylinux_2_17_aarch64.manylinux2014_aarch64.whl", hash = "sha256:a7fec4f052b8fe173fe70eae75091389955b9a23d5cec3d576d21c5913b49d47", size = 3344337 },
    { url = "https://files.pythonhosted.org/packages/0d/72/743730d7c46b4c85abefb93187cbbcb7aae8de288d7722b990db3d13499e/Cython-3.0.12-cp312-cp312-manylinux_2_17_x86_64.manylinux2014_x86_64.whl", hash = "sha256:0faa5e39e5c8cdf6f9c3b1c3f24972826e45911e7f5b99cf99453fca5432f45e", size = 3517692 },
    { url = "https://files.pythonhosted.org/packages/09/a1/29a4759a02661f8c8e6b703f62bfbc8285337e6918cc90f55dc0fadb5eb3/Cython-3.0.12-cp312-cp312-manylinux_2_5_i686.manylinux1_i686.manylinux_2_17_i686.manylinux2014_i686.whl", hash = "sha256:2d53de996ed340e9ab0fc85a88aaa8932f2591a2746e1ab1c06e262bd4ec4be7", size = 3577057 },
    { url = "https://files.pythonhosted.org/packages/d6/f8/03d74e98901a7cc2f21f95231b07dd54ec2f69477319bac268b3816fc3a8/Cython-3.0.12-cp312-cp312-musllinux_1_2_aarch64.whl", hash = "sha256:ea3a0e19ab77266c738aa110684a753a04da4e709472cadeff487133354d6ab8", size = 3396493 },
    { url = "https://files.pythonhosted.org/packages/50/ea/ac33c5f54f980dbc23dd8f1d5c51afeef26e15ac1a66388e4b8195af83b7/Cython-3.0.12-cp312-cp312-musllinux_1_2_x86_64.whl", hash = "sha256:c151082884be468f2f405645858a857298ac7f7592729e5b54788b5c572717ba", size = 3603859 },
    { url = "https://files.pythonhosted.org/packages/a2/4e/91fc1d6b5e678dcf2d1ecd8dce45b014b4b60d2044d376355c605831c873/Cython-3.0.12-cp312-cp312-win32.whl", hash = "sha256:3083465749911ac3b2ce001b6bf17f404ac9dd35d8b08469d19dc7e717f5877a", size = 2610428 },
    { url = "https://files.pythonhosted.org/packages/ff/c3/a7fdec227b9f0bb07edbeb016c7b18ed6a8e6ce884d08b2e397cda2c0168/Cython-3.0.12-cp312-cp312-win_amd64.whl", hash = "sha256:c0b91c7ebace030dd558ea28730de8c580680b50768e5af66db2904a3716c3e3", size = 2794755 },
    { url = "https://files.pythonhosted.org/packages/67/ad/550ddcb8b5a5d9949fe6606595cce36984c1d42309f1e04af98f5933a7ea/Cython-3.0.12-cp313-cp313-macosx_10_13_x86_64.whl", hash = "sha256:4ee6f1ea1bead8e6cbc4e64571505b5d8dbdb3b58e679d31f3a84160cebf1a1a", size = 3393574 },
    { url = "https://files.pythonhosted.org/packages/34/de/ade0a80bea17197662e23d39d3d3fbf89e9e99e6ad91fd95ab87120edb3a/Cython-3.0.12-cp313-cp313-manylinux_2_17_aarch64.manylinux2014_aarch64.whl", hash = "sha256:57aefa6d3341109e46ec1a13e3a763aaa2cbeb14e82af2485b318194be1d9170", size = 3367198 },
    { url = "https://files.pythonhosted.org/packages/a8/30/7f48207ea13dab46604db0dd388e807d53513ba6ad1c34462892072f8f8c/Cython-3.0.12-cp313-cp313-manylinux_2_17_x86_64.manylinux2014_x86_64.whl", hash = "sha256:879ae9023958d63c0675015369384642d0afb9c9d1f3473df9186c42f7a9d265", size = 3535849 },
    { url = "https://files.pythonhosted.org/packages/81/ab/f61c79fa14bd433a7dfd1548c5e00d9bd18b557c2f836aaece4fb1b22f34/Cython-3.0.12-cp313-cp313-manylinux_2_5_i686.manylinux1_i686.manylinux_2_17_i686.manylinux2014_i686.whl", hash = "sha256:36fcd584dae547de6f095500a380f4a0cce72b7a7e409e9ff03cb9beed6ac7a1", size = 3559079 },
    { url = "https://files.pythonhosted.org/packages/d0/d1/1dbf17061229ccd35d5c0eed659fab60c2e50d2eadfa2a5729e753b6f4d0/Cython-3.0.12-cp313-cp313-musllinux_1_2_aarch64.whl", hash = "sha256:62b79dcc0de49efe9e84b9d0e2ae0a6fc9b14691a65565da727aa2e2e63c6a28", size = 3436649 },
    { url = "https://files.pythonhosted.org/packages/2d/d4/9ce42fff6de5550f870cdde9a1482d69ea66a1249a88fa0d0df9adebfb1a/Cython-3.0.12-cp313-cp313-musllinux_1_2_x86_64.whl", hash = "sha256:4aa255781b093a8401109d8f2104bbb2e52de7639d5896aefafddc85c30e0894", size = 3644025 },
    { url = "https://files.pythonhosted.org/packages/e3/89/b0c847f9df92af3ef11281b6811c000bd6f8ce0db02e4374397f8d67f829/Cython-3.0.12-cp313-cp313-win32.whl", hash = "sha256:77d48f2d4bab9fe1236eb753d18f03e8b2619af5b6f05d51df0532a92dfb38ab", size = 2604911 },
    { url = "https://files.pythonhosted.org/packages/a6/5f/bbfaf2b5f7bf78854ecbc82f8473a3892ae5580e0c5bd0d4a82580b39ed3/Cython-3.0.12-cp313-cp313-win_amd64.whl", hash = "sha256:86c304b20bd57c727c7357e90d5ba1a2b6f1c45492de2373814d7745ef2e63b4", size = 2786786 },
    { url = "https://files.pythonhosted.org/packages/27/6b/7c87867d255cbce8167ed99fc65635e9395d2af0f0c915428f5b17ec412d/Cython-3.0.12-py2.py3-none-any.whl", hash = "sha256:0038c9bae46c459669390e53a1ec115f8096b2e4647ae007ff1bf4e6dee92806", size = 1171640 },
]

[[package]]
name = "enet"
version = "0.0.0"
source = { directory = "lib/pyenet" }

[[package]]
name = "msgspec"
version = "0.19.0"
source = { registry = "https://pypi.org/simple" }
sdist = { url = "https://files.pythonhosted.org/packages/cf/9b/95d8ce458462b8b71b8a70fa94563b2498b89933689f3a7b8911edfae3d7/msgspec-0.19.0.tar.gz", hash = "sha256:604037e7cd475345848116e89c553aa9a233259733ab51986ac924ab1b976f8e", size = 216934 }
wheels = [
    { url = "https://files.pythonhosted.org/packages/13/40/817282b42f58399762267b30deb8ac011d8db373f8da0c212c85fbe62b8f/msgspec-0.19.0-cp310-cp310-macosx_10_9_x86_64.whl", hash = "sha256:d8dd848ee7ca7c8153462557655570156c2be94e79acec3561cf379581343259", size = 190019 },
    { url = "https://files.pythonhosted.org/packages/92/99/bd7ed738c00f223a8119928661167a89124140792af18af513e6519b0d54/msgspec-0.19.0-cp310-cp310-macosx_11_0_arm64.whl", hash = "sha256:0553bbc77662e5708fe66aa75e7bd3e4b0f209709c48b299afd791d711a93c36", size = 183680 },
    { url = "https://files.pythonhosted.org/packages/e5/27/322badde18eb234e36d4a14122b89edd4e2973cdbc3da61ca7edf40a1ccd/msgspec-0.19.0-cp310-cp310-manylinux_2_17_aarch64.manylinux2014_aarch64.whl", hash = "sha256:fe2c4bf29bf4e89790b3117470dea2c20b59932772483082c468b990d45fb947", size = 209334 },
    { url = "https://files.pythonhosted.org/packages/c6/65/080509c5774a1592b2779d902a70b5fe008532759927e011f068145a16cb/msgspec-0.19.0-cp310-cp310-manylinux_2_17_x86_64.manylinux2014_x86_64.whl", hash = "sha256:00e87ecfa9795ee5214861eab8326b0e75475c2e68a384002aa135ea2a27d909", size = 211551 },
    { url = "https://files.pythonhosted.org/packages/6f/2e/1c23c6b4ca6f4285c30a39def1054e2bee281389e4b681b5e3711bd5a8c9/msgspec-0.19.0-cp310-cp310-musllinux_1_2_aarch64.whl", hash = "sha256:3c4ec642689da44618f68c90855a10edbc6ac3ff7c1d94395446c65a776e712a", size = 215099 },
    { url = "https://files.pythonhosted.org/packages/83/fe/95f9654518879f3359d1e76bc41189113aa9102452170ab7c9a9a4ee52f6/msgspec-0.19.0-cp310-cp310-musllinux_1_2_x86_64.whl", hash = "sha256:2719647625320b60e2d8af06b35f5b12d4f4d281db30a15a1df22adb2295f633", size = 218211 },
    { url = "https://files.pythonhosted.org/packages/79/f6/71ca7e87a1fb34dfe5efea8156c9ef59dd55613aeda2ca562f122cd22012/msgspec-0.19.0-cp310-cp310-win_amd64.whl", hash = "sha256:695b832d0091edd86eeb535cd39e45f3919f48d997685f7ac31acb15e0a2ed90", size = 186174 },
    { url = "https://files.pythonhosted.org/packages/24/d4/2ec2567ac30dab072cce3e91fb17803c52f0a37aab6b0c24375d2b20a581/msgspec-0.19.0-cp311-cp311-macosx_10_9_x86_64.whl", hash = "sha256:aa77046904db764b0462036bc63ef71f02b75b8f72e9c9dd4c447d6da1ed8f8e", size = 187939 },
    { url = "https://files.pythonhosted.org/packages/2b/c0/18226e4328897f4f19875cb62bb9259fe47e901eade9d9376ab5f251a929/msgspec-0.19.0-cp311-cp311-macosx_11_0_arm64.whl", hash = "sha256:047cfa8675eb3bad68722cfe95c60e7afabf84d1bd8938979dd2b92e9e4a9551", size = 182202 },
    { url = "https://files.pythonhosted.org/packages/81/25/3a4b24d468203d8af90d1d351b77ea3cffb96b29492855cf83078f16bfe4/msgspec-0.19.0-cp311-cp311-manylinux_2_17_aarch64.manylinux2014_aarch64.whl", hash = "sha256:e78f46ff39a427e10b4a61614a2777ad69559cc8d603a7c05681f5a595ea98f7", size = 209029 },
    { url = "https://files.pythonhosted.org/packages/85/2e/db7e189b57901955239f7689b5dcd6ae9458637a9c66747326726c650523/msgspec-0.19.0-cp311-cp311-manylinux_2_17_x86_64.manylinux2014_x86_64.whl", hash = "sha256:6c7adf191e4bd3be0e9231c3b6dc20cf1199ada2af523885efc2ed218eafd011", size = 210682 },
    { url = "https://files.pythonhosted.org/packages/03/97/7c8895c9074a97052d7e4a1cc1230b7b6e2ca2486714eb12c3f08bb9d284/msgspec-0.19.0-cp311-cp311-musllinux_1_2_aarch64.whl", hash = "sha256:f04cad4385e20be7c7176bb8ae3dca54a08e9756cfc97bcdb4f18560c3042063", size = 214003 },
    { url = "https://files.pythonhosted.org/packages/61/61/e892997bcaa289559b4d5869f066a8021b79f4bf8e955f831b095f47a4cd/msgspec-0.19.0-cp311-cp311-musllinux_1_2_x86_64.whl", hash = "sha256:45c8fb410670b3b7eb884d44a75589377c341ec1392b778311acdbfa55187716", size = 216833 },
    { url = "https://files.pythonhosted.org/packages/ce/3d/71b2dffd3a1c743ffe13296ff701ee503feaebc3f04d0e75613b6563c374/msgspec-0.19.0-cp311-cp311-win_amd64.whl", hash = "sha256:70eaef4934b87193a27d802534dc466778ad8d536e296ae2f9334e182ac27b6c", size = 186184 },
    { url = "https://files.pythonhosted.org/packages/b2/5f/a70c24f075e3e7af2fae5414c7048b0e11389685b7f717bb55ba282a34a7/msgspec-0.19.0-cp312-cp312-macosx_10_13_x86_64.whl", hash = "sha256:f98bd8962ad549c27d63845b50af3f53ec468b6318400c9f1adfe8b092d7b62f", size = 190485 },
    { url = "https://files.pythonhosted.org/packages/89/b0/1b9763938cfae12acf14b682fcf05c92855974d921a5a985ecc197d1c672/msgspec-0.19.0-cp312-cp312-macosx_11_0_arm64.whl", hash = "sha256:43bbb237feab761b815ed9df43b266114203f53596f9b6e6f00ebd79d178cdf2", size = 183910 },
    { url = "https://files.pythonhosted.org/packages/87/81/0c8c93f0b92c97e326b279795f9c5b956c5a97af28ca0fbb9fd86c83737a/msgspec-0.19.0-cp312-cp312-manylinux_2_17_aarch64.manylinux2014_aarch64.whl", hash = "sha256:4cfc033c02c3e0aec52b71710d7f84cb3ca5eb407ab2ad23d75631153fdb1f12", size = 210633 },
    { url = "https://files.pythonhosted.org/packages/d0/ef/c5422ce8af73928d194a6606f8ae36e93a52fd5e8df5abd366903a5ca8da/msgspec-0.19.0-cp312-cp312-manylinux_2_17_x86_64.manylinux2014_x86_64.whl", hash = "sha256:d911c442571605e17658ca2b416fd8579c5050ac9adc5e00c2cb3126c97f73bc", size = 213594 },
    { url = "https://files.pythonhosted.org/packages/19/2b/4137bc2ed45660444842d042be2cf5b18aa06efd2cda107cff18253b9653/msgspec-0.19.0-cp312-cp312-musllinux_1_2_aarch64.whl", hash = "sha256:757b501fa57e24896cf40a831442b19a864f56d253679f34f260dcb002524a6c", size = 214053 },
    { url = "https://files.pythonhosted.org/packages/9d/e6/8ad51bdc806aac1dc501e8fe43f759f9ed7284043d722b53323ea421c360/msgspec-0.19.0-cp312-cp312-musllinux_1_2_x86_64.whl", hash = "sha256:5f0f65f29b45e2816d8bded36e6b837a4bf5fb60ec4bc3c625fa2c6da4124537", size = 219081 },
    { url = "https://files.pythonhosted.org/packages/b1/ef/27dd35a7049c9a4f4211c6cd6a8c9db0a50647546f003a5867827ec45391/msgspec-0.19.0-cp312-cp312-win_amd64.whl", hash = "sha256:067f0de1c33cfa0b6a8206562efdf6be5985b988b53dd244a8e06f993f27c8c0", size = 187467 },
    { url = "https://files.pythonhosted.org/packages/3c/cb/2842c312bbe618d8fefc8b9cedce37f773cdc8fa453306546dba2c21fd98/msgspec-0.19.0-cp313-cp313-macosx_10_13_x86_64.whl", hash = "sha256:f12d30dd6266557aaaf0aa0f9580a9a8fbeadfa83699c487713e355ec5f0bd86", size = 190498 },
    { url = "https://files.pythonhosted.org/packages/58/95/c40b01b93465e1a5f3b6c7d91b10fb574818163740cc3acbe722d1e0e7e4/msgspec-0.19.0-cp313-cp313-macosx_11_0_arm64.whl", hash = "sha256:82b2c42c1b9ebc89e822e7e13bbe9d17ede0c23c187469fdd9505afd5a481314", size = 183950 },
    { url = "https://files.pythonhosted.org/packages/e8/f0/5b764e066ce9aba4b70d1db8b087ea66098c7c27d59b9dd8a3532774d48f/msgspec-0.19.0-cp313-cp313-manylinux_2_17_aarch64.manylinux2014_aarch64.whl", hash = "sha256:19746b50be214a54239aab822964f2ac81e38b0055cca94808359d779338c10e", size = 210647 },
    { url = "https://files.pythonhosted.org/packages/9d/87/bc14f49bc95c4cb0dd0a8c56028a67c014ee7e6818ccdce74a4862af259b/msgspec-0.19.0-cp313-cp313-manylinux_2_17_x86_64.manylinux2014_x86_64.whl", hash = "sha256:60ef4bdb0ec8e4ad62e5a1f95230c08efb1f64f32e6e8dd2ced685bcc73858b5", size = 213563 },
    { url = "https://files.pythonhosted.org/packages/53/2f/2b1c2b056894fbaa975f68f81e3014bb447516a8b010f1bed3fb0e016ed7/msgspec-0.19.0-cp313-cp313-musllinux_1_2_aarch64.whl", hash = "sha256:ac7f7c377c122b649f7545810c6cd1b47586e3aa3059126ce3516ac7ccc6a6a9", size = 213996 },
    { url = "https://files.pythonhosted.org/packages/aa/5a/4cd408d90d1417e8d2ce6a22b98a6853c1b4d7cb7669153e4424d60087f6/msgspec-0.19.0-cp313-cp313-musllinux_1_2_x86_64.whl", hash = "sha256:a5bc1472223a643f5ffb5bf46ccdede7f9795078194f14edd69e3aab7020d327", size = 219087 },
    { url = "https://files.pythonhosted.org/packages/23/d8/f15b40611c2d5753d1abb0ca0da0c75348daf1252220e5dda2867bd81062/msgspec-0.19.0-cp313-cp313-win_amd64.whl", hash = "sha256:317050bc0f7739cb30d257ff09152ca309bf5a369854bbf1e57dffc310c1f20f", size = 187432 },
]

[[package]]
name = "setuptools"
version = "78.1.0"
source = { registry = "https://pypi.org/simple" }
sdist = { url = "https://files.pythonhosted.org/packages/a9/5a/0db4da3bc908df06e5efae42b44e75c81dd52716e10192ff36d0c1c8e379/setuptools-78.1.0.tar.gz", hash = "sha256:18fd474d4a82a5f83dac888df697af65afa82dec7323d09c3e37d1f14288da54", size = 1367827 }
wheels = [
    { url = "https://files.pythonhosted.org/packages/54/21/f43f0a1fa8b06b32812e0975981f4677d28e0f3271601dc88ac5a5b83220/setuptools-78.1.0-py3-none-any.whl", hash = "sha256:3e386e96793c8702ae83d17b853fb93d3e09ef82ec62722e61da5cd22376dcd8", size = 1256108 },
]

[[package]]
name = "sheafshifter"
version = "0.1.0"
source = { virtual = "." }
dependencies = [
    { name = "cython" },
    { name = "enet" },
    { name = "msgspec" },
    { name = "setuptools" },
    { name = "simplejson" },
]

[package.metadata]
requires-dist = [
    { name = "cython", specifier = ">=3.0.12" },
    { name = "enet", directory = "lib/pyenet" },
    { name = "msgspec", specifier = ">=0.19.0" },
    { name = "setuptools", specifier = ">=78.1.0" },
    { name = "simplejson", specifier = ">=3.20.1" },
]

[[package]]
name = "simplejson"
version = "3.20.1"
source = { registry = "https://pypi.org/simple" }
sdist = { url = "https://files.pythonhosted.org/packages/af/92/51b417685abd96b31308b61b9acce7ec50d8e1de8fbc39a7fd4962c60689/simplejson-3.20.1.tar.gz", hash = "sha256:e64139b4ec4f1f24c142ff7dcafe55a22b811a74d86d66560c8815687143037d", size = 85591 }
wheels = [
    { url = "https://files.pythonhosted.org/packages/25/c4/627214fb418cd4a17fb0230ff0b6c3bb4a85cbb48dd69c85dcc3b85df828/simplejson-3.20.1-cp310-cp310-macosx_10_9_universal2.whl", hash = "sha256:e580aa65d5f6c3bf41b9b4afe74be5d5ddba9576701c107c772d936ea2b5043a", size = 93790 },
    { url = "https://files.pythonhosted.org/packages/15/ca/56a6a2a33cbcf330c4d71af3f827c47e4e0ba791e78f2642f3d1ab02ff31/simplejson-3.20.1-cp310-cp310-macosx_10_9_x86_64.whl", hash = "sha256:4a586ce4f78cec11f22fe55c5bee0f067e803aab9bad3441afe2181693b5ebb5", size = 75707 },
    { url = "https://files.pythonhosted.org/packages/a9/c8/3d92b67e03a3b6207d97202669f9454ed700b35ade9bd4428265a078fb6c/simplejson-3.20.1-cp310-cp310-macosx_11_0_arm64.whl", hash = "sha256:74a1608f9e6e8c27a4008d70a54270868306d80ed48c9df7872f9f4b8ac87808", size = 75700 },
    { url = "https://files.pythonhosted.org/packages/74/30/20001219d6fdca4aaa3974c96dfb6955a766b4e2cc950505a5b51fd050b0/simplejson-3.20.1-cp310-cp310-manylinux_2_17_aarch64.manylinux2014_aarch64.whl", hash = "sha256:03db8cb64154189a92a7786209f24e391644f3a3fa335658be2df2af1960b8d8", size = 138672 },
    { url = "https://files.pythonhosted.org/packages/21/47/50157810876c2a7ebbd6e6346ec25eda841fe061fecaa02538a7742a3d2a/simplejson-3.20.1-cp310-cp310-manylinux_2_17_ppc64le.manylinux2014_ppc64le.whl", hash = "sha256:eea7e2b7d858f6fdfbf0fe3cb846d6bd8a45446865bc09960e51f3d473c2271b", size = 146616 },
    { url = "https://files.pythonhosted.org/packages/95/60/8c97cdc93096437b0aca2745aca63c880fe2315fd7f6a6ce6edbb344a2ae/simplejson-3.20.1-cp310-cp310-manylinux_2_5_i686.manylinux1_i686.manylinux_2_17_i686.manylinux2014_i686.whl", hash = "sha256:e66712b17d8425bb7ff8968d4c7c7fd5a2dd7bd63728b28356223c000dd2f91f", size = 134344 },
    { url = "https://files.pythonhosted.org/packages/bb/9e/da184f0e9bb3a5d7ffcde713bd41b4fe46cca56b6f24d9bd155fac56805a/simplejson-3.20.1-cp310-cp310-manylinux_2_5_x86_64.manylinux1_x86_64.manylinux_2_17_x86_64.manylinux2014_x86_64.whl", hash = "sha256:a2cc4f6486f9f515b62f5831ff1888886619b84fc837de68f26d919ba7bbdcbc", size = 138017 },
    { url = "https://files.pythonhosted.org/packages/31/db/00d1a8d9b036db98f678c8a3c69ed17d2894d1768d7a00576e787ad3e546/simplejson-3.20.1-cp310-cp310-musllinux_1_2_aarch64.whl", hash = "sha256:a3c2df555ee4016148fa192e2b9cd9e60bc1d40769366134882685e90aee2a1e", size = 140118 },
    { url = "https://files.pythonhosted.org/packages/52/21/57fc47eab8c1c73390b933a5ba9271f08e3e1ec83162c580357f28f5b97c/simplejson-3.20.1-cp310-cp310-musllinux_1_2_i686.whl", hash = "sha256:78520f04b7548a5e476b5396c0847e066f1e0a4c0c5e920da1ad65e95f410b11", size = 140314 },
    { url = "https://files.pythonhosted.org/packages/ad/cc/7cfd78d1e0fa5e57350b98cfe77353b6dfa13dce21afa4060e1019223852/simplejson-3.20.1-cp310-cp310-musllinux_1_2_ppc64le.whl", hash = "sha256:f4bd49ecde87b0fe9f55cc971449a32832bca9910821f7072bbfae1155eaa007", size = 148544 },
    { url = "https://files.pythonhosted.org/packages/63/26/1c894a1c2bd95dc8be0cf5a2fa73b0d173105b6ca18c90cb981ff10443d0/simplejson-3.20.1-cp310-cp310-musllinux_1_2_x86_64.whl", hash = "sha256:7eaae2b88eb5da53caaffdfa50e2e12022553949b88c0df4f9a9663609373f72", size = 141172 },
    { url = "https://files.pythonhosted.org/packages/93/27/0717dccc10cd9988dbf1314def52ab32678a95a95328bb37cafacf499400/simplejson-3.20.1-cp310-cp310-win32.whl", hash = "sha256:e836fb88902799eac8debc2b642300748f4860a197fa3d9ea502112b6bb8e142", size = 74181 },
    { url = "https://files.pythonhosted.org/packages/5f/af/593f896573f306519332d4287b1ab8b7b888c239bbd5159f7054d7055c2d/simplejson-3.20.1-cp310-cp310-win_amd64.whl", hash = "sha256:b122a19b552b212fc3b5b96fc5ce92333d4a9ac0a800803e1f17ebb16dac4be5", size = 75738 },
    { url = "https://files.pythonhosted.org/packages/76/59/74bc90d1c051bc2432c96b34bd4e8036875ab58b4fcbe4d6a5a76985f853/simplejson-3.20.1-cp311-cp311-macosx_10_9_universal2.whl", hash = "sha256:325b8c107253d3217e89d7b50c71015b5b31e2433e6c5bf38967b2f80630a8ca", size = 92132 },
    { url = "https://files.pythonhosted.org/packages/71/c7/1970916e0c51794fff89f76da2f632aaf0b259b87753c88a8c409623d3e1/simplejson-3.20.1-cp311-cp311-macosx_10_9_x86_64.whl", hash = "sha256:88a7baa8211089b9e58d78fbc1b0b322103f3f3d459ff16f03a36cece0d0fcf0", size = 74956 },
    { url = "https://files.pythonhosted.org/packages/c8/0d/98cc5909180463f1d75fac7180de62d4cdb4e82c4fef276b9e591979372c/simplejson-3.20.1-cp311-cp311-macosx_11_0_arm64.whl", hash = "sha256:299b1007b8101d50d95bc0db1bf5c38dc372e85b504cf77f596462083ee77e3f", size = 74772 },
    { url = "https://files.pythonhosted.org/packages/e1/94/a30a5211a90d67725a3e8fcc1c788189f2ae2ed2b96b63ed15d0b7f5d6bb/simplejson-3.20.1-cp311-cp311-manylinux_2_17_aarch64.manylinux2014_aarch64.whl", hash = "sha256:03ec618ed65caab48e81e3ed29586236a8e57daef792f1f3bb59504a7e98cd10", size = 143575 },
    { url = "https://files.pythonhosted.org/packages/ee/08/cdb6821f1058eb5db46d252de69ff7e6c53f05f1bae6368fe20d5b51d37e/simplejson-3.20.1-cp311-cp311-manylinux_2_17_ppc64le.manylinux2014_ppc64le.whl", hash = "sha256:cd2cdead1d3197f0ff43373cf4730213420523ba48697743e135e26f3d179f38", size = 153241 },
    { url = "https://files.pythonhosted.org/packages/4c/2d/ca3caeea0bdc5efc5503d5f57a2dfb56804898fb196dfada121323ee0ccb/simplejson-3.20.1-cp311-cp311-manylinux_2_5_i686.manylinux1_i686.manylinux_2_17_i686.manylinux2014_i686.whl", hash = "sha256:3466d2839fdc83e1af42e07b90bc8ff361c4e8796cd66722a40ba14e458faddd", size = 141500 },
    { url = "https://files.pythonhosted.org/packages/e1/33/d3e0779d5c58245e7370c98eb969275af6b7a4a5aec3b97cbf85f09ad328/simplejson-3.20.1-cp311-cp311-manylinux_2_5_x86_64.manylinux1_x86_64.manylinux_2_17_x86_64.manylinux2014_x86_64.whl", hash = "sha256:d492ed8e92f3a9f9be829205f44b1d0a89af6582f0cf43e0d129fa477b93fe0c", size = 144757 },
    { url = "https://files.pythonhosted.org/packages/54/53/2d93128bb55861b2fa36c5944f38da51a0bc6d83e513afc6f7838440dd15/simplejson-3.20.1-cp311-cp311-musllinux_1_2_aarch64.whl", hash = "sha256:f924b485537b640dc69434565463fd6fc0c68c65a8c6e01a823dd26c9983cf79", size = 144409 },
    { url = "https://files.pythonhosted.org/packages/99/4c/dac310a98f897ad3435b4bdc836d92e78f09e38c5dbf28211ed21dc59fa2/simplejson-3.20.1-cp311-cp311-musllinux_1_2_i686.whl", hash = "sha256:9e8eacf6a3491bf76ea91a8d46726368a6be0eb94993f60b8583550baae9439e", size = 146082 },
    { url = "https://files.pythonhosted.org/packages/ee/22/d7ba958cfed39827335b82656b1c46f89678faecda9a7677b47e87b48ee6/simplejson-3.20.1-cp311-cp311-musllinux_1_2_ppc64le.whl", hash = "sha256:d34d04bf90b4cea7c22d8b19091633908f14a096caa301b24c2f3d85b5068fb8", size = 154339 },
    { url = "https://files.pythonhosted.org/packages/b8/c8/b072b741129406a7086a0799c6f5d13096231bf35fdd87a0cffa789687fc/simplejson-3.20.1-cp311-cp311-musllinux_1_2_x86_64.whl", hash = "sha256:69dd28d4ce38390ea4aaf212902712c0fd1093dc4c1ff67e09687c3c3e15a749", size = 147915 },
    { url = "https://files.pythonhosted.org/packages/6c/46/8347e61e9cf3db5342a42f7fd30a81b4f5cf85977f916852d7674a540907/simplejson-3.20.1-cp311-cp311-win32.whl", hash = "sha256:dfe7a9da5fd2a3499436cd350f31539e0a6ded5da6b5b3d422df016444d65e43", size = 73972 },
    { url = "https://files.pythonhosted.org/packages/01/85/b52f24859237b4e9d523d5655796d911ba3d46e242eb1959c45b6af5aedd/simplejson-3.20.1-cp311-cp311-win_amd64.whl", hash = "sha256:896a6c04d7861d507d800da7642479c3547060bf97419d9ef73d98ced8258766", size = 75595 },
    { url = "https://files.pythonhosted.org/packages/8d/eb/34c16a1ac9ba265d024dc977ad84e1659d931c0a700967c3e59a98ed7514/simplejson-3.20.1-cp312-cp312-macosx_10_9_universal2.whl", hash = "sha256:f31c4a3a7ab18467ee73a27f3e59158255d1520f3aad74315edde7a940f1be23", size = 93100 },
    { url = "https://files.pythonhosted.org/packages/41/fc/2c2c007d135894971e6814e7c0806936e5bade28f8db4dd7e2a58b50debd/simplejson-3.20.1-cp312-cp312-macosx_10_9_x86_64.whl", hash = "sha256:884e6183d16b725e113b83a6fc0230152ab6627d4d36cb05c89c2c5bccfa7bc6", size = 75464 },
    { url = "https://files.pythonhosted.org/packages/0f/05/2b5ecb33b776c34bb5cace5de5d7669f9b60e3ca13c113037b2ca86edfbd/simplejson-3.20.1-cp312-cp312-macosx_11_0_arm64.whl", hash = "sha256:03d7a426e416fe0d3337115f04164cd9427eb4256e843a6b8751cacf70abc832", size = 75112 },
    { url = "https://files.pythonhosted.org/packages/fe/36/1f3609a2792f06cd4b71030485f78e91eb09cfd57bebf3116bf2980a8bac/simplejson-3.20.1-cp312-cp312-manylinux_2_17_aarch64.manylinux2014_aarch64.whl", hash = "sha256:000602141d0bddfcff60ea6a6e97d5e10c9db6b17fd2d6c66199fa481b6214bb", size = 150182 },
    { url = "https://files.pythonhosted.org/packages/2f/b0/053fbda38b8b602a77a4f7829def1b4f316cd8deb5440a6d3ee90790d2a4/simplejson-3.20.1-cp312-cp312-manylinux_2_17_ppc64le.manylinux2014_ppc64le.whl", hash = "sha256:af8377a8af78226e82e3a4349efdde59ffa421ae88be67e18cef915e4023a595", size = 158363 },
    { url = "https://files.pythonhosted.org/packages/d1/4b/2eb84ae867539a80822e92f9be4a7200dffba609275faf99b24141839110/simplejson-3.20.1-cp312-cp312-manylinux_2_5_i686.manylinux1_i686.manylinux_2_17_i686.manylinux2014_i686.whl", hash = "sha256:15c7de4c88ab2fbcb8781a3b982ef883696736134e20b1210bca43fb42ff1acf", size = 148415 },
    { url = "https://files.pythonhosted.org/packages/e0/bd/400b0bd372a5666addf2540c7358bfc3841b9ce5cdbc5cc4ad2f61627ad8/simplejson-3.20.1-cp312-cp312-manylinux_2_5_x86_64.manylinux1_x86_64.manylinux_2_17_x86_64.manylinux2014_x86_64.whl", hash = "sha256:455a882ff3f97d810709f7b620007d4e0aca8da71d06fc5c18ba11daf1c4df49", size = 152213 },
    { url = "https://files.pythonhosted.org/packages/50/12/143f447bf6a827ee9472693768dc1a5eb96154f8feb140a88ce6973a3cfa/simplejson-3.20.1-cp312-cp312-musllinux_1_2_aarch64.whl", hash = "sha256:fc0f523ce923e7f38eb67804bc80e0a028c76d7868500aa3f59225574b5d0453", size = 150048 },
    { url = "https://files.pythonhosted.org/packages/5e/ea/dd9b3e8e8ed710a66f24a22c16a907c9b539b6f5f45fd8586bd5c231444e/simplejson-3.20.1-cp312-cp312-musllinux_1_2_i686.whl", hash = "sha256:76461ec929282dde4a08061071a47281ad939d0202dc4e63cdd135844e162fbc", size = 151668 },
    { url = "https://files.pythonhosted.org/packages/99/af/ee52a8045426a0c5b89d755a5a70cc821815ef3c333b56fbcad33c4435c0/simplejson-3.20.1-cp312-cp312-musllinux_1_2_ppc64le.whl", hash = "sha256:ab19c2da8c043607bde4d4ef3a6b633e668a7d2e3d56f40a476a74c5ea71949f", size = 158840 },
    { url = "https://files.pythonhosted.org/packages/68/db/ab32869acea6b5de7d75fa0dac07a112ded795d41eaa7e66c7813b17be95/simplejson-3.20.1-cp312-cp312-musllinux_1_2_x86_64.whl", hash = "sha256:b2578bedaedf6294415197b267d4ef678fea336dd78ee2a6d2f4b028e9d07be3", size = 154212 },
    { url = "https://files.pythonhosted.org/packages/fa/7a/e3132d454977d75a3bf9a6d541d730f76462ebf42a96fea2621498166f41/simplejson-3.20.1-cp312-cp312-win32.whl", hash = "sha256:339f407373325a36b7fd744b688ba5bae0666b5d340ec6d98aebc3014bf3d8ea", size = 74101 },
    { url = "https://files.pythonhosted.org/packages/bc/5d/4e243e937fa3560107c69f6f7c2eed8589163f5ed14324e864871daa2dd9/simplejson-3.20.1-cp312-cp312-win_amd64.whl", hash = "sha256:627d4486a1ea7edf1f66bb044ace1ce6b4c1698acd1b05353c97ba4864ea2e17", size = 75736 },
    { url = "https://files.pythonhosted.org/packages/c4/03/0f453a27877cb5a5fff16a975925f4119102cc8552f52536b9a98ef0431e/simplejson-3.20.1-cp313-cp313-macosx_10_13_universal2.whl", hash = "sha256:71e849e7ceb2178344998cbe5ade101f1b329460243c79c27fbfc51c0447a7c3", size = 93109 },
    { url = "https://files.pythonhosted.org/packages/74/1f/a729f4026850cabeaff23e134646c3f455e86925d2533463420635ae54de/simplejson-3.20.1-cp313-cp313-macosx_10_13_x86_64.whl", hash = "sha256:b63fdbab29dc3868d6f009a59797cefaba315fd43cd32ddd998ee1da28e50e29", size = 75475 },
    { url = "https://files.pythonhosted.org/packages/e2/14/50a2713fee8ff1f8d655b1a14f4a0f1c0c7246768a1b3b3d12964a4ed5aa/simplejson-3.20.1-cp313-cp313-macosx_11_0_arm64.whl", hash = "sha256:1190f9a3ce644fd50ec277ac4a98c0517f532cfebdcc4bd975c0979a9f05e1fb", size = 75112 },
    { url = "https://files.pythonhosted.org/packages/45/86/ea9835abb646755140e2d482edc9bc1e91997ed19a59fd77ae4c6a0facea/simplejson-3.20.1-cp313-cp313-manylinux_2_17_aarch64.manylinux2014_aarch64.whl", hash = "sha256:c1336ba7bcb722ad487cd265701ff0583c0bb6de638364ca947bb84ecc0015d1", size = 150245 },
    { url = "https://files.pythonhosted.org/packages/12/b4/53084809faede45da829fe571c65fbda8479d2a5b9c633f46b74124d56f5/simplejson-3.20.1-cp313-cp313-manylinux_2_17_ppc64le.manylinux2014_ppc64le.whl", hash = "sha256:e975aac6a5acd8b510eba58d5591e10a03e3d16c1cf8a8624ca177491f7230f0", size = 158465 },
    { url = "https://files.pythonhosted.org/packages/a9/7d/d56579468d1660b3841e1f21c14490d103e33cf911886b22652d6e9683ec/simplejson-3.20.1-cp313-cp313-manylinux_2_5_i686.manylinux1_i686.manylinux_2_17_i686.manylinux2014_i686.whl", hash = "sha256:6a6dd11ee282937ad749da6f3b8d87952ad585b26e5edfa10da3ae2536c73078", size = 148514 },
    { url = "https://files.pythonhosted.org/packages/19/e3/874b1cca3d3897b486d3afdccc475eb3a09815bf1015b01cf7fcb52a55f0/simplejson-3.20.1-cp313-cp313-manylinux_2_5_x86_64.manylinux1_x86_64.manylinux_2_17_x86_64.manylinux2014_x86_64.whl", hash = "sha256:ab980fcc446ab87ea0879edad41a5c28f2d86020014eb035cf5161e8de4474c6", size = 152262 },
    { url = "https://files.pythonhosted.org/packages/32/84/f0fdb3625292d945c2bd13a814584603aebdb38cfbe5fe9be6b46fe598c4/simplejson-3.20.1-cp313-cp313-musllinux_1_2_aarch64.whl", hash = "sha256:f5aee2a4cb6b146bd17333ac623610f069f34e8f31d2f4f0c1a2186e50c594f0", size = 150164 },
    { url = "https://files.pythonhosted.org/packages/95/51/6d625247224f01eaaeabace9aec75ac5603a42f8ebcce02c486fbda8b428/simplejson-3.20.1-cp313-cp313-musllinux_1_2_i686.whl", hash = "sha256:652d8eecbb9a3b6461b21ec7cf11fd0acbab144e45e600c817ecf18e4580b99e", size = 151795 },
    { url = "https://files.pythonhosted.org/packages/7f/d9/bb921df6b35be8412f519e58e86d1060fddf3ad401b783e4862e0a74c4c1/simplejson-3.20.1-cp313-cp313-musllinux_1_2_ppc64le.whl", hash = "sha256:8c09948f1a486a89251ee3a67c9f8c969b379f6ffff1a6064b41fea3bce0a112", size = 159027 },
    { url = "https://files.pythonhosted.org/packages/03/c5/5950605e4ad023a6621cf4c931b29fd3d2a9c1f36be937230bfc83d7271d/simplejson-3.20.1-cp313-cp313-musllinux_1_2_x86_64.whl", hash = "sha256:cbbd7b215ad4fc6f058b5dd4c26ee5c59f72e031dfda3ac183d7968a99e4ca3a", size = 154380 },
    { url = "https://files.pythonhosted.org/packages/66/ad/b74149557c5ec1e4e4d55758bda426f5d2ec0123cd01a53ae63b8de51fa3/simplejson-3.20.1-cp313-cp313-win32.whl", hash = "sha256:ae81e482476eaa088ef9d0120ae5345de924f23962c0c1e20abbdff597631f87", size = 74102 },
    { url = "https://files.pythonhosted.org/packages/db/a9/25282fdd24493e1022f30b7f5cdf804255c007218b2bfaa655bd7ad34b2d/simplejson-3.20.1-cp313-cp313-win_amd64.whl", hash = "sha256:1b9fd15853b90aec3b1739f4471efbf1ac05066a2c7041bf8db821bb73cd2ddc", size = 75736 },
    { url = "https://files.pythonhosted.org/packages/4b/30/00f02a0a921556dd5a6db1ef2926a1bc7a8bbbfb1c49cfed68a275b8ab2b/simplejson-3.20.1-py3-none-any.whl", hash = "sha256:8a6c1bbac39fa4a79f83cbf1df6ccd8ff7069582a9fd8db1e52cea073bc2c697", size = 57121 },
]
